
Microsoft Visual Studio Solution File, Format Version 12.00
# Visual Studio Version 17
VisualStudioVersion = 17.8.34330.188
MinimumVisualStudioVersion = 10.0.40219.1
Project("{9A19103F-16F7-4668-BE54-9A1E7A4F7556}") = "FormularioTesteWPF", "FormularioTesteWPF\FormularioTesteWPF.csproj", "{E1B41CA2-9BAF-418D-B514-A836A2A359CA}"
EndProject
Project("{2150E333-8FDC-42A3-9474-1A3956D46DE8}") = "Docs", "Docs", "{31F7A19D-F12E-49AE-B512-261ADF4353F4}"
	ProjectSection(SolutionItems) = preProject
		..\(EXTERNA) - API COBRANÇA.postman_collection.json = ..\(EXTERNA) - API COBRANÇA.postman_collection.json
		..\API_COBRANÇA_V1.2.pdf = ..\API_COBRANÇA_V1.2.pdf
		..\Guia do usuário plataforma Bradesco Developers.pdf = ..\Guia do usuário plataforma Bradesco Developers.pdf
		..\Manual do desenvolvedor v6.0.pdf = ..\Manual do desenvolvedor v6.0.pdf
	EndProjectSection
EndProject
Global
	GlobalSection(SolutionConfigurationPlatforms) = preSolution
		Debug|Any CPU = Debug|Any CPU
		Release|Any CPU = Release|Any CPU
	EndGlobalSection
	GlobalSection(ProjectConfigurationPlatforms) = postSolution
		{E1B41CA2-9BAF-418D-B514-A836A2A359CA}.Debug|Any CPU.ActiveCfg = Debug|Any CPU
		{E1B41CA2-9BAF-418D-B514-A836A2A359CA}.Debug|Any CPU.Build.0 = Debug|Any CPU
		{E1B41CA2-9BAF-418D-B514-A836A2A359CA}.Release|Any CPU.ActiveCfg = Release|Any CPU
		{E1B41CA2-9BAF-418D-B514-A836A2A359CA}.Release|Any CPU.Build.0 = Release|Any CPU
	EndGlobalSection
	GlobalSection(SolutionProperties) = preSolution
		HideSolutionNode = FALSE
	EndGlobalSection
	GlobalSection(ExtensibilityGlobals) = postSolution
		SolutionGuid = {7A7CBEE2-871F-4E49-B711-366525BDC0D3}
	EndGlobalSection
EndGlobal
